
Microsoft Visual Studio Solution File, Format Version 10.00
# Visual Studio 2008
Project("{FAE04EC0-301F-11D3-BF4B-00C04F79EFBC}") = "AlbumReader2", "AlbumReader2\AlbumReader2.csproj", "{E2F75DAD-5CD5-4490-B84F-BC9541F27230}"
EndProject
Global
	GlobalSection(SolutionConfigurationPlatforms) = preSolution
		Debug|Any CPU = Debug|Any CPU
		Release|Any CPU = Release|Any CPU
	EndGlobalSection
	GlobalSection(ProjectConfigurationPlatforms) = postSolution
		{E2F75DAD-5CD5-4490-B84F-BC9541F27230}.Debug|Any CPU.ActiveCfg = Debug|Any CPU
		{E2F75DAD-5CD5-4490-B84F-BC9541F27230}.Debug|Any CPU.Build.0 = Debug|Any CPU
		{E2F75DAD-5CD5-4490-B84F-BC9541F27230}.Release|Any CPU.ActiveCfg = Release|Any CPU
		{E2F75DAD-5CD5-4490-B84F-BC9541F27230}.Release|Any CPU.Build.0 = Release|Any CPU
	EndGlobalSection
	GlobalSection(SolutionProperties) = preSolution
		HideSolutionNode = FALSE
	EndGlobalSection
EndGlobal
